
Microsoft Visual Studio Solution File, Format Version 12.00
# Visual Studio Version 16
VisualStudioVersion = 16.0.30523.141
MinimumVisualStudioVersion = 10.0.40219.1
Project("{888888A0-9F3D-457C-B088-3A5042F75D52}") = "z7", "z7\z7.pyproj", "{A521BD6C-7D06-43A0-ADA9-025475EC0523}"
EndProject
Global
	GlobalSection(SolutionConfigurationPlatforms) = preSolution
		Debug|Any CPU = Debug|Any CPU
		Release|Any CPU = Release|Any CPU
	EndGlobalSection
	GlobalSection(ProjectConfigurationPlatforms) = postSolution
		{A521BD6C-7D06-43A0-ADA9-025475EC0523}.Debug|Any CPU.ActiveCfg = Debug|Any CPU
		{A521BD6C-7D06-43A0-ADA9-025475EC0523}.Release|Any CPU.ActiveCfg = Release|Any CPU
	EndGlobalSection
	GlobalSection(SolutionProperties) = preSolution
		HideSolutionNode = FALSE
	EndGlobalSection
	GlobalSection(ExtensibilityGlobals) = postSolution
		SolutionGuid = {A26745ED-8C79-48A6-AF00-909BC451495F}
	EndGlobalSection
EndGlobal
