
Microsoft Visual Studio Solution File, Format Version 12.00
# Visual Studio Version 16
VisualStudioVersion = 16.0.30523.141
MinimumVisualStudioVersion = 10.0.40219.1
Project("{888888A0-9F3D-457C-B088-3A5042F75D52}") = "z4", "z4\z4.pyproj", "{C8BC63DA-2E75-40DC-8FA0-3406686A6219}"
EndProject
Global
	GlobalSection(SolutionConfigurationPlatforms) = preSolution
		Debug|Any CPU = Debug|Any CPU
		Release|Any CPU = Release|Any CPU
	EndGlobalSection
	GlobalSection(ProjectConfigurationPlatforms) = postSolution
		{C8BC63DA-2E75-40DC-8FA0-3406686A6219}.Debug|Any CPU.ActiveCfg = Debug|Any CPU
		{C8BC63DA-2E75-40DC-8FA0-3406686A6219}.Release|Any CPU.ActiveCfg = Release|Any CPU
	EndGlobalSection
	GlobalSection(SolutionProperties) = preSolution
		HideSolutionNode = FALSE
	EndGlobalSection
	GlobalSection(ExtensibilityGlobals) = postSolution
		SolutionGuid = {9B152C2C-383C-412D-97A1-4808660B20BA}
	EndGlobalSection
EndGlobal
