
Microsoft Visual Studio Solution File, Format Version 12.00
# Visual Studio Version 16
VisualStudioVersion = 16.0.30523.141
MinimumVisualStudioVersion = 10.0.40219.1
Project("{888888A0-9F3D-457C-B088-3A5042F75D52}") = "z13", "z13.pyproj", "{EAC7A132-8775-42FB-9768-6C67B45CB1AD}"
EndProject
Global
	GlobalSection(SolutionConfigurationPlatforms) = preSolution
		Debug|Any CPU = Debug|Any CPU
		Release|Any CPU = Release|Any CPU
	EndGlobalSection
	GlobalSection(ProjectConfigurationPlatforms) = postSolution
		{EAC7A132-8775-42FB-9768-6C67B45CB1AD}.Debug|Any CPU.ActiveCfg = Debug|Any CPU
		{EAC7A132-8775-42FB-9768-6C67B45CB1AD}.Release|Any CPU.ActiveCfg = Release|Any CPU
	EndGlobalSection
	GlobalSection(SolutionProperties) = preSolution
		HideSolutionNode = FALSE
	EndGlobalSection
	GlobalSection(ExtensibilityGlobals) = postSolution
		SolutionGuid = {8BC3B5DF-75E8-42FE-BFC5-026F20C759BC}
	EndGlobalSection
EndGlobal
