
Microsoft Visual Studio Solution File, Format Version 12.00
# Visual Studio Version 16
VisualStudioVersion = 16.0.30523.141
MinimumVisualStudioVersion = 10.0.40219.1
Project("{888888A0-9F3D-457C-B088-3A5042F75D52}") = "z18", "z18.pyproj", "{93564BCB-8F8B-4BA3-B000-F2089101D654}"
EndProject
Global
	GlobalSection(SolutionConfigurationPlatforms) = preSolution
		Debug|Any CPU = Debug|Any CPU
		Release|Any CPU = Release|Any CPU
	EndGlobalSection
	GlobalSection(ProjectConfigurationPlatforms) = postSolution
		{93564BCB-8F8B-4BA3-B000-F2089101D654}.Debug|Any CPU.ActiveCfg = Debug|Any CPU
		{93564BCB-8F8B-4BA3-B000-F2089101D654}.Release|Any CPU.ActiveCfg = Release|Any CPU
	EndGlobalSection
	GlobalSection(SolutionProperties) = preSolution
		HideSolutionNode = FALSE
	EndGlobalSection
	GlobalSection(ExtensibilityGlobals) = postSolution
		SolutionGuid = {D681CD8A-CFA0-44D2-A2F2-05E1A0CEE227}
	EndGlobalSection
EndGlobal
