
Microsoft Visual Studio Solution File, Format Version 12.00
# Visual Studio Version 16
VisualStudioVersion = 16.0.30523.141
MinimumVisualStudioVersion = 10.0.40219.1
Project("{888888A0-9F3D-457C-B088-3A5042F75D52}") = "z14", "z14.pyproj", "{9E4414AF-AB9C-4F3A-A086-9E50293C8F15}"
EndProject
Global
	GlobalSection(SolutionConfigurationPlatforms) = preSolution
		Debug|Any CPU = Debug|Any CPU
		Release|Any CPU = Release|Any CPU
	EndGlobalSection
	GlobalSection(ProjectConfigurationPlatforms) = postSolution
		{9E4414AF-AB9C-4F3A-A086-9E50293C8F15}.Debug|Any CPU.ActiveCfg = Debug|Any CPU
		{9E4414AF-AB9C-4F3A-A086-9E50293C8F15}.Release|Any CPU.ActiveCfg = Release|Any CPU
	EndGlobalSection
	GlobalSection(SolutionProperties) = preSolution
		HideSolutionNode = FALSE
	EndGlobalSection
	GlobalSection(ExtensibilityGlobals) = postSolution
		SolutionGuid = {798DB8C3-D597-494C-B946-DCC1A8F90151}
	EndGlobalSection
EndGlobal
