
Microsoft Visual Studio Solution File, Format Version 12.00
# Visual Studio Version 16
VisualStudioVersion = 16.0.30523.141
MinimumVisualStudioVersion = 10.0.40219.1
Project("{888888A0-9F3D-457C-B088-3A5042F75D52}") = "z20", "z20.pyproj", "{86CD0212-41AD-4CDD-98DD-CA2031467542}"
EndProject
Global
	GlobalSection(SolutionConfigurationPlatforms) = preSolution
		Debug|Any CPU = Debug|Any CPU
		Release|Any CPU = Release|Any CPU
	EndGlobalSection
	GlobalSection(ProjectConfigurationPlatforms) = postSolution
		{86CD0212-41AD-4CDD-98DD-CA2031467542}.Debug|Any CPU.ActiveCfg = Debug|Any CPU
		{86CD0212-41AD-4CDD-98DD-CA2031467542}.Release|Any CPU.ActiveCfg = Release|Any CPU
	EndGlobalSection
	GlobalSection(SolutionProperties) = preSolution
		HideSolutionNode = FALSE
	EndGlobalSection
	GlobalSection(ExtensibilityGlobals) = postSolution
		SolutionGuid = {F0FFBD6D-5139-46E1-B9D5-D09C4BF0CFD3}
	EndGlobalSection
EndGlobal
