
Microsoft Visual Studio Solution File, Format Version 12.00
# Visual Studio Version 16
VisualStudioVersion = 16.0.30523.141
MinimumVisualStudioVersion = 10.0.40219.1
Project("{888888A0-9F3D-457C-B088-3A5042F75D52}") = "z16", "z16.pyproj", "{FDCC8D96-44CF-447E-B608-C61181DE9875}"
EndProject
Global
	GlobalSection(SolutionConfigurationPlatforms) = preSolution
		Debug|Any CPU = Debug|Any CPU
		Release|Any CPU = Release|Any CPU
	EndGlobalSection
	GlobalSection(ProjectConfigurationPlatforms) = postSolution
		{FDCC8D96-44CF-447E-B608-C61181DE9875}.Debug|Any CPU.ActiveCfg = Debug|Any CPU
		{FDCC8D96-44CF-447E-B608-C61181DE9875}.Release|Any CPU.ActiveCfg = Release|Any CPU
	EndGlobalSection
	GlobalSection(SolutionProperties) = preSolution
		HideSolutionNode = FALSE
	EndGlobalSection
	GlobalSection(ExtensibilityGlobals) = postSolution
		SolutionGuid = {A38B25A2-57FD-4DCC-86C0-43E920CEDD48}
	EndGlobalSection
EndGlobal
