
Microsoft Visual Studio Solution File, Format Version 12.00
# Visual Studio Version 16
VisualStudioVersion = 16.0.30523.141
MinimumVisualStudioVersion = 10.0.40219.1
Project("{888888A0-9F3D-457C-B088-3A5042F75D52}") = "z12", "z12.pyproj", "{0852AA78-3E44-44D6-952B-CF8D2C9CB78D}"
EndProject
Global
	GlobalSection(SolutionConfigurationPlatforms) = preSolution
		Debug|Any CPU = Debug|Any CPU
		Release|Any CPU = Release|Any CPU
	EndGlobalSection
	GlobalSection(ProjectConfigurationPlatforms) = postSolution
		{0852AA78-3E44-44D6-952B-CF8D2C9CB78D}.Debug|Any CPU.ActiveCfg = Debug|Any CPU
		{0852AA78-3E44-44D6-952B-CF8D2C9CB78D}.Release|Any CPU.ActiveCfg = Release|Any CPU
	EndGlobalSection
	GlobalSection(SolutionProperties) = preSolution
		HideSolutionNode = FALSE
	EndGlobalSection
	GlobalSection(ExtensibilityGlobals) = postSolution
		SolutionGuid = {4443E794-E617-4886-B47A-C7814D8A0520}
	EndGlobalSection
EndGlobal
