
Microsoft Visual Studio Solution File, Format Version 12.00
# Visual Studio Version 16
VisualStudioVersion = 16.0.30503.244
MinimumVisualStudioVersion = 10.0.40219.1
Project("{8BC9CEB8-8B4A-11D0-8D11-00A0C91BC942}") = "32++", "32++\32++.vcxproj", "{300AC74E-0D43-4512-99A7-9C623B7FF479}"
EndProject
Global
	GlobalSection(SolutionConfigurationPlatforms) = preSolution
		Debug|x64 = Debug|x64
		Debug|x86 = Debug|x86
		Release|x64 = Release|x64
		Release|x86 = Release|x86
	EndGlobalSection
	GlobalSection(ProjectConfigurationPlatforms) = postSolution
		{300AC74E-0D43-4512-99A7-9C623B7FF479}.Debug|x64.ActiveCfg = Debug|x64
		{300AC74E-0D43-4512-99A7-9C623B7FF479}.Debug|x64.Build.0 = Debug|x64
		{300AC74E-0D43-4512-99A7-9C623B7FF479}.Debug|x86.ActiveCfg = Debug|Win32
		{300AC74E-0D43-4512-99A7-9C623B7FF479}.Debug|x86.Build.0 = Debug|Win32
		{300AC74E-0D43-4512-99A7-9C623B7FF479}.Release|x64.ActiveCfg = Release|x64
		{300AC74E-0D43-4512-99A7-9C623B7FF479}.Release|x64.Build.0 = Release|x64
		{300AC74E-0D43-4512-99A7-9C623B7FF479}.Release|x86.ActiveCfg = Release|Win32
		{300AC74E-0D43-4512-99A7-9C623B7FF479}.Release|x86.Build.0 = Release|Win32
	EndGlobalSection
	GlobalSection(SolutionProperties) = preSolution
		HideSolutionNode = FALSE
	EndGlobalSection
	GlobalSection(ExtensibilityGlobals) = postSolution
		SolutionGuid = {D615522D-63A4-4584-A481-B7FA34D00825}
	EndGlobalSection
EndGlobal
