
Microsoft Visual Studio Solution File, Format Version 12.00
# Visual Studio Version 16
VisualStudioVersion = 16.0.30523.141
MinimumVisualStudioVersion = 10.0.40219.1
Project("{8BC9CEB8-8B4A-11D0-8D11-00A0C91BC942}") = "z5", "z5.vcxproj", "{98A0C635-7122-43D2-9365-CCB587C9C24C}"
EndProject
Global
	GlobalSection(SolutionConfigurationPlatforms) = preSolution
		Debug|x64 = Debug|x64
		Debug|x86 = Debug|x86
		Release|x64 = Release|x64
		Release|x86 = Release|x86
	EndGlobalSection
	GlobalSection(ProjectConfigurationPlatforms) = postSolution
		{98A0C635-7122-43D2-9365-CCB587C9C24C}.Debug|x64.ActiveCfg = Debug|x64
		{98A0C635-7122-43D2-9365-CCB587C9C24C}.Debug|x64.Build.0 = Debug|x64
		{98A0C635-7122-43D2-9365-CCB587C9C24C}.Debug|x86.ActiveCfg = Debug|Win32
		{98A0C635-7122-43D2-9365-CCB587C9C24C}.Debug|x86.Build.0 = Debug|Win32
		{98A0C635-7122-43D2-9365-CCB587C9C24C}.Release|x64.ActiveCfg = Release|x64
		{98A0C635-7122-43D2-9365-CCB587C9C24C}.Release|x64.Build.0 = Release|x64
		{98A0C635-7122-43D2-9365-CCB587C9C24C}.Release|x86.ActiveCfg = Release|Win32
		{98A0C635-7122-43D2-9365-CCB587C9C24C}.Release|x86.Build.0 = Release|Win32
	EndGlobalSection
	GlobalSection(SolutionProperties) = preSolution
		HideSolutionNode = FALSE
	EndGlobalSection
	GlobalSection(ExtensibilityGlobals) = postSolution
		SolutionGuid = {8CEDBF4C-6B30-4B07-8AFA-5FD85A94F8DA}
	EndGlobalSection
EndGlobal
